
Microsoft Visual Studio Solution File, Format Version 12.00
# Visual Studio 15
VisualStudioVersion = 15.0.26403.0
MinimumVisualStudioVersion = 15.0.26124.0
Project("{9A19103F-16F7-4668-BE54-9A1E7A4F7556}") = "TagHelpers.Polymer", "src\Codepic.AspNetCore.Mvc.TagHelpers.Polymer\TagHelpers.Polymer.csproj", "{14340003-FD50-422D-BD7C-26B30D2782AA}"
EndProject
Project("{9A19103F-16F7-4668-BE54-9A1E7A4F7556}") = "TagHelpers.Polymer.Tests", "test\Codepic.AspNetCore.Mvc.TagHelpers.Polymer.Tests\TagHelpers.Polymer.Tests.csproj", "{2F40EDB1-FDCA-44C5-9F1F-AC1A4BF21449}"
EndProject
Project("{9A19103F-16F7-4668-BE54-9A1E7A4F7556}") = "MvcSandbox", "samples\MvcSandbox\MvcSandbox.csproj", "{937005AE-CD9A-44AB-B9CF-8BC57CEB0508}"
EndProject
Global
	GlobalSection(SolutionConfigurationPlatforms) = preSolution
		Debug|Any CPU = Debug|Any CPU
		Debug|x64 = Debug|x64
		Debug|x86 = Debug|x86
		Release|Any CPU = Release|Any CPU
		Release|x64 = Release|x64
		Release|x86 = Release|x86
	EndGlobalSection
	GlobalSection(ProjectConfigurationPlatforms) = postSolution
		{14340003-FD50-422D-BD7C-26B30D2782AA}.Debug|Any CPU.ActiveCfg = Debug|Any CPU
		{14340003-FD50-422D-BD7C-26B30D2782AA}.Debug|Any CPU.Build.0 = Debug|Any CPU
		{14340003-FD50-422D-BD7C-26B30D2782AA}.Debug|x64.ActiveCfg = Debug|Any CPU
		{14340003-FD50-422D-BD7C-26B30D2782AA}.Debug|x64.Build.0 = Debug|Any CPU
		{14340003-FD50-422D-BD7C-26B30D2782AA}.Debug|x86.ActiveCfg = Debug|Any CPU
		{14340003-FD50-422D-BD7C-26B30D2782AA}.Debug|x86.Build.0 = Debug|Any CPU
		{14340003-FD50-422D-BD7C-26B30D2782AA}.Release|Any CPU.ActiveCfg = Release|Any CPU
		{14340003-FD50-422D-BD7C-26B30D2782AA}.Release|Any CPU.Build.0 = Release|Any CPU
		{14340003-FD50-422D-BD7C-26B30D2782AA}.Release|x64.ActiveCfg = Release|Any CPU
		{14340003-FD50-422D-BD7C-26B30D2782AA}.Release|x64.Build.0 = Release|Any CPU
		{14340003-FD50-422D-BD7C-26B30D2782AA}.Release|x86.ActiveCfg = Release|Any CPU
		{14340003-FD50-422D-BD7C-26B30D2782AA}.Release|x86.Build.0 = Release|Any CPU
		{2F40EDB1-FDCA-44C5-9F1F-AC1A4BF21449}.Debug|Any CPU.ActiveCfg = Debug|Any CPU
		{2F40EDB1-FDCA-44C5-9F1F-AC1A4BF21449}.Debug|Any CPU.Build.0 = Debug|Any CPU
		{2F40EDB1-FDCA-44C5-9F1F-AC1A4BF21449}.Debug|x64.ActiveCfg = Debug|Any CPU
		{2F40EDB1-FDCA-44C5-9F1F-AC1A4BF21449}.Debug|x64.Build.0 = Debug|Any CPU
		{2F40EDB1-FDCA-44C5-9F1F-AC1A4BF21449}.Debug|x86.ActiveCfg = Debug|Any CPU
		{2F40EDB1-FDCA-44C5-9F1F-AC1A4BF21449}.Debug|x86.Build.0 = Debug|Any CPU
		{2F40EDB1-FDCA-44C5-9F1F-AC1A4BF21449}.Release|Any CPU.ActiveCfg = Release|Any CPU
		{2F40EDB1-FDCA-44C5-9F1F-AC1A4BF21449}.Release|Any CPU.Build.0 = Release|Any CPU
		{2F40EDB1-FDCA-44C5-9F1F-AC1A4BF21449}.Release|x64.ActiveCfg = Release|Any CPU
		{2F40EDB1-FDCA-44C5-9F1F-AC1A4BF21449}.Release|x64.Build.0 = Release|Any CPU
		{2F40EDB1-FDCA-44C5-9F1F-AC1A4BF21449}.Release|x86.ActiveCfg = Release|Any CPU
		{2F40EDB1-FDCA-44C5-9F1F-AC1A4BF21449}.Release|x86.Build.0 = Release|Any CPU
		{937005AE-CD9A-44AB-B9CF-8BC57CEB0508}.Debug|Any CPU.ActiveCfg = Debug|Any CPU
		{937005AE-CD9A-44AB-B9CF-8BC57CEB0508}.Debug|Any CPU.Build.0 = Debug|Any CPU
		{937005AE-CD9A-44AB-B9CF-8BC57CEB0508}.Debug|x64.ActiveCfg = Debug|Any CPU
		{937005AE-CD9A-44AB-B9CF-8BC57CEB0508}.Debug|x64.Build.0 = Debug|Any CPU
		{937005AE-CD9A-44AB-B9CF-8BC57CEB0508}.Debug|x86.ActiveCfg = Debug|Any CPU
		{937005AE-CD9A-44AB-B9CF-8BC57CEB0508}.Debug|x86.Build.0 = Debug|Any CPU
		{937005AE-CD9A-44AB-B9CF-8BC57CEB0508}.Release|Any CPU.ActiveCfg = Release|Any CPU
		{937005AE-CD9A-44AB-B9CF-8BC57CEB0508}.Release|Any CPU.Build.0 = Release|Any CPU
		{937005AE-CD9A-44AB-B9CF-8BC57CEB0508}.Release|x64.ActiveCfg = Release|Any CPU
		{937005AE-CD9A-44AB-B9CF-8BC57CEB0508}.Release|x64.Build.0 = Release|Any CPU
		{937005AE-CD9A-44AB-B9CF-8BC57CEB0508}.Release|x86.ActiveCfg = Release|Any CPU
		{937005AE-CD9A-44AB-B9CF-8BC57CEB0508}.Release|x86.Build.0 = Release|Any CPU
	EndGlobalSection
	GlobalSection(SolutionProperties) = preSolution
		HideSolutionNode = FALSE
	EndGlobalSection
EndGlobal
